
Microsoft Visual Studio Solution File, Format Version 12.00
# Visual Studio Version 17
VisualStudioVersion = 17.14.36221.1 d17.14
MinimumVisualStudioVersion = 10.0.40219.1
Project("{FAE04EC0-301F-11D3-BF4B-00C04F79EFBC}") = "AcuEnvManager", "AcuEnvManager.csproj", "{4794840A-F256-4783-A283-7903DC5FFD8D}"
EndProject
Global
	GlobalSection(SolutionConfigurationPlatforms) = preSolution
		Debug|Any CPU = Debug|Any CPU
		Release|Any CPU = Release|Any CPU
	EndGlobalSection
	GlobalSection(ProjectConfigurationPlatforms) = postSolution
		{4794840A-F256-4783-A283-7903DC5FFD8D}.Debug|Any CPU.ActiveCfg = Debug|Any CPU
		{4794840A-F256-4783-A283-7903DC5FFD8D}.Debug|Any CPU.Build.0 = Debug|Any CPU
		{4794840A-F256-4783-A283-7903DC5FFD8D}.Release|Any CPU.ActiveCfg = Release|Any CPU
		{4794840A-F256-4783-A283-7903DC5FFD8D}.Release|Any CPU.Build.0 = Release|Any CPU
	EndGlobalSection
	GlobalSection(SolutionProperties) = preSolution
		HideSolutionNode = FALSE
	EndGlobalSection
	GlobalSection(ExtensibilityGlobals) = postSolution
		SolutionGuid = {AE2E09EC-3AC8-41A3-9395-4025164EBB42}
	EndGlobalSection
EndGlobal
